
Microsoft Visual Studio Solution File, Format Version 12.00
# Visual Studio Version 17
VisualStudioVersion = 17.4.33103.184
MinimumVisualStudioVersion = 10.0.40219.1
Project("{9A19103F-16F7-4668-BE54-9A1E7A4F7556}") = "PTI.Microservices.Library.AzureComputerVision", "PTI.Microservices.Library.AzureComputerVision.csproj", "{F46945B9-4DA5-468D-B14C-E08791694CB4}"
EndProject
Global
	GlobalSection(SolutionConfigurationPlatforms) = preSolution
		Debug|Any CPU = Debug|Any CPU
		Release|Any CPU = Release|Any CPU
	EndGlobalSection
	GlobalSection(ProjectConfigurationPlatforms) = postSolution
		{F46945B9-4DA5-468D-B14C-E08791694CB4}.Debug|Any CPU.ActiveCfg = Debug|Any CPU
		{F46945B9-4DA5-468D-B14C-E08791694CB4}.Debug|Any CPU.Build.0 = Debug|Any CPU
		{F46945B9-4DA5-468D-B14C-E08791694CB4}.Release|Any CPU.ActiveCfg = Release|Any CPU
		{F46945B9-4DA5-468D-B14C-E08791694CB4}.Release|Any CPU.Build.0 = Release|Any CPU
	EndGlobalSection
	GlobalSection(SolutionProperties) = preSolution
		HideSolutionNode = FALSE
	EndGlobalSection
	GlobalSection(ExtensibilityGlobals) = postSolution
		SolutionGuid = {84105AA0-A4A9-43A3-92A1-281D57CC16E5}
	EndGlobalSection
EndGlobal
